// !$*UTF8*$!
{
	archiveVersion = 1;
	classes = {
	};
	objectVersion = 46;
	objects = {

/* Begin PBXBuildFile section */
		DC9E54081BCE558C00434A46 /* AppDelegate.swift in Sources */ = {isa = PBXBuildFile; fileRef = DC9E54071BCE558C00434A46 /* AppDelegate.swift */; };
		DC9E540D1BCE558C00434A46 /* Main.storyboard in Resources */ = {isa = PBXBuildFile; fileRef = DC9E540B1BCE558C00434A46 /* Main.storyboard */; };
		DC9E540F1BCE558C00434A46 /* Images.xcassets in Resources */ = {isa = PBXBuildFile; fileRef = DC9E540E1BCE558C00434A46 /* Images.xcassets */; };
		DC9E54121BCE558C00434A46 /* LaunchScreen.xib in Resources */ = {isa = PBXBuildFile; fileRef = DC9E54101BCE558C00434A46 /* LaunchScreen.xib */; };
		DC9E541E1BCE558C00434A46 /* memberListAppTests.swift in Sources */ = {isa = PBXBuildFile; fileRef = DC9E541D1BCE558C00434A46 /* memberListAppTests.swift */; };
		DC9E54281BCE577700434A46 /* TopViewController.swift in Sources */ = {isa = PBXBuildFile; fileRef = DC9E54271BCE577700434A46 /* TopViewController.swift */; };
		DCBF0F051BCEAAAF00BDC0EF /* MemberInfoModel.swift in Sources */ = {isa = PBXBuildFile; fileRef = DCBF0F041BCEAAAF00BDC0EF /* MemberInfoModel.swift */; };
		DCBF0F0A1BCEAF2300BDC0EF /* image1.jpg in Resources */ = {isa = PBXBuildFile; fileRef = DCBF0F071BCEAF2300BDC0EF /* image1.jpg */; };
		DCBF0F0B1BCEAF2300BDC0EF /* image2.jpg in Resources */ = {isa = PBXBuildFile; fileRef = DCBF0F081BCEAF2300BDC0EF /* image2.jpg */; };
		DCBF0F0C1BCEAF2300BDC0EF /* image3.jpg in Resources */ = {isa = PBXBuildFile; fileRef = DCBF0F091BCEAF2300BDC0EF /* image3.jpg */; };
		DCBF0F511BD0118F00BDC0EF /* MemberTableViewCell.swift in Sources */ = {isa = PBXBuildFile; fileRef = DCBF0F4F1BD0118F00BDC0EF /* MemberTableViewCell.swift */; };
		DCBF0F521BD0118F00BDC0EF /* MemberTableViewCell.xib in Resources */ = {isa = PBXBuildFile; fileRef = DCBF0F501BD0118F00BDC0EF /* MemberTableViewCell.xib */; };
/* End PBXBuildFile section */

/* Begin PBXContainerItemProxy section */
		DC9E54181BCE558C00434A46 /* PBXContainerItemProxy */ = {
			isa = PBXContainerItemProxy;
			containerPortal = DC9E53FA1BCE558C00434A46 /* Project object */;
			proxyType = 1;
			remoteGlobalIDString = DC9E54011BCE558C00434A46;
			remoteInfo = memberListApp;
		};
/* End PBXContainerItemProxy section */

/* Begin PBXFileReference section */
		DC9E54021BCE558C00434A46 /* memberListApp.app */ = {isa = PBXFileReference; explicitFileType = wrapper.application; includeInIndex = 0; path = memberListApp.app; sourceTree = BUILT_PRODUCTS_DIR; };
		DC9E54061BCE558C00434A46 /* Info.plist */ = {isa = PBXFileReference; lastKnownFileType = text.plist.xml; path = Info.plist; sourceTree = "<group>"; };
		DC9E54071BCE558C00434A46 /* AppDelegate.swift */ = {isa = PBXFileReference; lastKnownFileType = sourcecode.swift; path = AppDelegate.swift; sourceTree = "<group>"; };
		DC9E540C1BCE558C00434A46 /* Base */ = {isa = PBXFileReference; lastKnownFileType = file.storyboard; name = Base; path = Base.lproj/Main.storyboard; sourceTree = "<group>"; };
		DC9E540E1BCE558C00434A46 /* Images.xcassets */ = {isa = PBXFileReference; lastKnownFileType = folder.assetcatalog; path = Images.xcassets; sourceTree = "<group>"; };
		DC9E54111BCE558C00434A46 /* Base */ = {isa = PBXFileReference; lastKnownFileType = file.xib; name = Base; path = Base.lproj/LaunchScreen.xib; sourceTree = "<group>"; };
		DC9E54171BCE558C00434A46 /* memberListAppTests.xctest */ = {isa = PBXFileReference; explicitFileType = wrapper.cfbundle; includeInIndex = 0; path = memberListAppTests.xctest; sourceTree = BUILT_PRODUCTS_DIR; };
		DC9E541C1BCE558C00434A46 /* Info.plist */ = {isa = PBXFileReference; lastKnownFileType = text.plist.xml; path = Info.plist; sourceTree = "<group>"; };
		DC9E541D1BCE558C00434A46 /* memberListAppTests.swift */ = {isa = PBXFileReference; lastKnownFileType = sourcecode.swift; path = memberListAppTests.swift; sourceTree = "<group>"; };
		DC9E54271BCE577700434A46 /* TopViewController.swift */ = {isa = PBXFileReference; fileEncoding = 4; lastKnownFileType = sourcecode.swift; name = TopViewController.swift; path = ../../TopViewController.swift; sourceTree = "<group>"; };
		DCBF0F041BCEAAAF00BDC0EF /* MemberInfoModel.swift */ = {isa = PBXFileReference; fileEncoding = 4; lastKnownFileType = sourcecode.swift; name = MemberInfoModel.swift; path = ../MemberInfoModel.swift; sourceTree = "<group>"; };
		DCBF0F071BCEAF2300BDC0EF /* image1.jpg */ = {isa = PBXFileReference; lastKnownFileType = image.jpeg; name = image1.jpg; path = "../../セブ_iOS研修/week2/week2_day3_step3/week2_day3_step3/images/image1.jpg"; sourceTree = "<group>"; };
		DCBF0F081BCEAF2300BDC0EF /* image2.jpg */ = {isa = PBXFileReference; lastKnownFileType = image.jpeg; name = image2.jpg; path = "../../セブ_iOS研修/week2/week2_day3_step3/week2_day3_step3/images/image2.jpg"; sourceTree = "<group>"; };
		DCBF0F091BCEAF2300BDC0EF /* image3.jpg */ = {isa = PBXFileReference; lastKnownFileType = image.jpeg; name = image3.jpg; path = "../../セブ_iOS研修/week2/week2_day3_step3/week2_day3_step3/images/image3.jpg"; sourceTree = "<group>"; };
		DCBF0F4F1BD0118F00BDC0EF /* MemberTableViewCell.swift */ = {isa = PBXFileReference; fileEncoding = 4; lastKnownFileType = sourcecode.swift; path = MemberTableViewCell.swift; sourceTree = "<group>"; };
		DCBF0F501BD0118F00BDC0EF /* MemberTableViewCell.xib */ = {isa = PBXFileReference; fileEncoding = 4; lastKnownFileType = file.xib; path = MemberTableViewCell.xib; sourceTree = "<group>"; };
/* End PBXFileReference section */

/* Begin PBXFrameworksBuildPhase section */
		DC9E53FF1BCE558C00434A46 /* Frameworks */ = {
			isa = PBXFrameworksBuildPhase;
			buildActionMask = 2147483647;
			files = (
			);
			runOnlyForDeploymentPostprocessing = 0;
		};
		DC9E54141BCE558C00434A46 /* Frameworks */ = {
			isa = PBXFrameworksBuildPhase;
			buildActionMask = 2147483647;
			files = (
			);
			runOnlyForDeploymentPostprocessing = 0;
		};
/* End PBXFrameworksBuildPhase section */

/* Begin PBXGroup section */
		DC9E53F91BCE558C00434A46 = {
			isa = PBXGroup;
			children = (
				DC9E54041BCE558C00434A46 /* memberListApp */,
				DC9E541A1BCE558C00434A46 /* memberListAppTests */,
				DC9E54031BCE558C00434A46 /* Products */,
			);
			sourceTree = "<group>";
		};
		DC9E54031BCE558C00434A46 /* Products */ = {
			isa = PBXGroup;
			children = (
				DC9E54021BCE558C00434A46 /* memberListApp.app */,
				DC9E54171BCE558C00434A46 /* memberListAppTests.xctest */,
			);
			name = Products;
			sourceTree = "<group>";
		};
		DC9E54041BCE558C00434A46 /* memberListApp */ = {
			isa = PBXGroup;
			children = (
				DC9E54071BCE558C00434A46 /* AppDelegate.swift */,
				DC9E540B1BCE558C00434A46 /* Main.storyboard */,
				DCBF0F0E1BCEAF4D00BDC0EF /* ViewController */,
				DCBF0F0D1BCEAF4100BDC0EF /* Model */,
				DCBF0F0F1BCEAF5E00BDC0EF /* View */,
				DC9E540E1BCE558C00434A46 /* Images.xcassets */,
				DC9E54101BCE558C00434A46 /* LaunchScreen.xib */,
				DC9E54051BCE558C00434A46 /* Supporting Files */,
			);
			path = memberListApp;
			sourceTree = "<group>";
		};
		DC9E54051BCE558C00434A46 /* Supporting Files */ = {
			isa = PBXGroup;
			children = (
				DC9E54061BCE558C00434A46 /* Info.plist */,
				DCBF0F061BCEAEBA00BDC0EF /* images */,
			);
			name = "Supporting Files";
			sourceTree = "<group>";
		};
		DC9E541A1BCE558C00434A46 /* memberListAppTests */ = {
			isa = PBXGroup;
			children = (
				DC9E541D1BCE558C00434A46 /* memberListAppTests.swift */,
				DC9E541B1BCE558C00434A46 /* Supporting Files */,
			);
			path = memberListAppTests;
			sourceTree = "<group>";
		};
		DC9E541B1BCE558C00434A46 /* Supporting Files */ = {
			isa = PBXGroup;
			children = (
				DC9E541C1BCE558C00434A46 /* Info.plist */,
			);
			name = "Supporting Files";
			sourceTree = "<group>";
		};
		DCBF0F061BCEAEBA00BDC0EF /* images */ = {
			isa = PBXGroup;
			children = (
				DCBF0F071BCEAF2300BDC0EF /* image1.jpg */,
				DCBF0F081BCEAF2300BDC0EF /* image2.jpg */,
				DCBF0F091BCEAF2300BDC0EF /* image3.jpg */,
			);
			name = images;
			sourceTree = "<group>";
		};
		DCBF0F0D1BCEAF4100BDC0EF /* Model */ = {
			isa = PBXGroup;
			children = (
				DCBF0F041BCEAAAF00BDC0EF /* MemberInfoModel.swift */,
			);
			name = Model;
			sourceTree = "<group>";
		};
		DCBF0F0E1BCEAF4D00BDC0EF /* ViewController */ = {
			isa = PBXGroup;
			children = (
				DC9E54271BCE577700434A46 /* TopViewController.swift */,
			);
			name = ViewController;
			sourceTree = "<group>";
		};
		DCBF0F0F1BCEAF5E00BDC0EF /* View */ = {
			isa = PBXGroup;
			children = (
				DCBF0F4F1BD0118F00BDC0EF /* MemberTableViewCell.swift */,
				DCBF0F501BD0118F00BDC0EF /* MemberTableViewCell.xib */,
			);
			name = View;
			sourceTree = "<group>";
		};
/* End PBXGroup section */

/* Begin PBXNativeTarget section */
		DC9E54011BCE558C00434A46 /* memberListApp */ = {
			isa = PBXNativeTarget;
			buildConfigurationList = DC9E54211BCE558C00434A46 /* Build configuration list for PBXNativeTarget "memberListApp" */;
			buildPhases = (
				DC9E53FE1BCE558C00434A46 /* Sources */,
				DC9E53FF1BCE558C00434A46 /* Frameworks */,
				DC9E54001BCE558C00434A46 /* Resources */,
			);
			buildRules = (
			);
			dependencies = (
			);
			name = memberListApp;
			productName = memberListApp;
			productReference = DC9E54021BCE558C00434A46 /* memberListApp.app */;
			productType = "com.apple.product-type.application";
		};
		DC9E54161BCE558C00434A46 /* memberListAppTests */ = {
			isa = PBXNativeTarget;
			buildConfigurationList = DC9E54241BCE558C00434A46 /* Build configuration list for PBXNativeTarget "memberListAppTests" */;
			buildPhases = (
				DC9E54131BCE558C00434A46 /* Sources */,
				DC9E54141BCE558C00434A46 /* Frameworks */,
				DC9E54151BCE558C00434A46 /* Resources */,
			);
			buildRules = (
			);
			dependencies = (
				DC9E54191BCE558C00434A46 /* PBXTargetDependency */,
			);
			name = memberListAppTests;
			productName = memberListAppTests;
			productReference = DC9E54171BCE558C00434A46 /* memberListAppTests.xctest */;
			productType = "com.apple.product-type.bundle.unit-test";
		};
/* End PBXNativeTarget section */

/* Begin PBXProject section */
		DC9E53FA1BCE558C00434A46 /* Project object */ = {
			isa = PBXProject;
			attributes = {
				LastUpgradeCheck = 0640;
				ORGANIZATIONNAME = A.M;
				TargetAttributes = {
					DC9E54011BCE558C00434A46 = {
						CreatedOnToolsVersion = 6.4;
					};
					DC9E54161BCE558C00434A46 = {
						CreatedOnToolsVersion = 6.4;
						TestTargetID = DC9E54011BCE558C00434A46;
					};
				};
			};
			buildConfigurationList = DC9E53FD1BCE558C00434A46 /* Build configuration list for PBXProject "memberListApp" */;
			compatibilityVersion = "Xcode 3.2";
			developmentRegion = English;
			hasScannedForEncodings = 0;
			knownRegions = (
				en,
				Base,
			);
			mainGroup = DC9E53F91BCE558C00434A46;
			productRefGroup = DC9E54031BCE558C00434A46 /* Products */;
			projectDirPath = "";
			projectRoot = "";
			targets = (
				DC9E54011BCE558C00434A46 /* memberListApp */,
				DC9E54161BCE558C00434A46 /* memberListAppTests */,
			);
		};
/* End PBXProject section */

/* Begin PBXResourcesBuildPhase section */
		DC9E54001BCE558C00434A46 /* Resources */ = {
			isa = PBXResourcesBuildPhase;
			buildActionMask = 2147483647;
			files = (
				DC9E540D1BCE558C00434A46 /* Main.storyboard in Resources */,
				DCBF0F521BD0118F00BDC0EF /* MemberTableViewCell.xib in Resources */,
				DC9E54121BCE558C00434A46 /* LaunchScreen.xib in Resources */,
				DC9E540F1BCE558C00434A46 /* Images.xcassets in Resources */,
				DCBF0F0A1BCEAF2300BDC0EF /* image1.jpg in Resources */,
				DCBF0F0B1BCEAF2300BDC0EF /* image2.jpg in Resources */,
				DCBF0F0C1BCEAF2300BDC0EF /* image3.jpg in Resources */,
			);
			runOnlyForDeploymentPostprocessing = 0;
		};
		DC9E54151BCE558C00434A46 /* Resources */ = {
			isa = PBXResourcesBuildPhase;
			buildActionMask = 2147483647;
			files = (
			);
			runOnlyForDeploymentPostprocessing = 0;
		};
/* End PBXResourcesBuildPhase section */

/* Begin PBXSourcesBuildPhase section */
		DC9E53FE1BCE558C00434A46 /* Sources */ = {
			isa = PBXSourcesBuildPhase;
			buildActionMask = 2147483647;
			files = (
				DCBF0F511BD0118F00BDC0EF /* MemberTableViewCell.swift in Sources */,
				DCBF0F051BCEAAAF00BDC0EF /* MemberInfoModel.swift in Sources */,
				DC9E54281BCE577700434A46 /* TopViewController.swift in Sources */,
				DC9E54081BCE558C00434A46 /* AppDelegate.swift in Sources */,
			);
			runOnlyForDeploymentPostprocessing = 0;
		};
		DC9E54131BCE558C00434A46 /* Sources */ = {
			isa = PBXSourcesBuildPhase;
			buildActionMask = 2147483647;
			files = (
				DC9E541E1BCE558C00434A46 /* memberListAppTests.swift in Sources */,
			);
			runOnlyForDeploymentPostprocessing = 0;
		};
/* End PBXSourcesBuildPhase section */

/* Begin PBXTargetDependency section */
		DC9E54191BCE558C00434A46 /* PBXTargetDependency */ = {
			isa = PBXTargetDependency;
			target = DC9E54011BCE558C00434A46 /* memberListApp */;
			targetProxy = DC9E54181BCE558C00434A46 /* PBXContainerItemProxy */;
		};
/* End PBXTargetDependency section */

/* Begin PBXVariantGroup section */
		DC9E540B1BCE558C00434A46 /* Main.storyboard */ = {
			isa = PBXVariantGroup;
			children = (
				DC9E540C1BCE558C00434A46 /* Base */,
			);
			name = Main.storyboard;
			sourceTree = "<group>";
		};
		DC9E54101BCE558C00434A46 /* LaunchScreen.xib */ = {
			isa = PBXVariantGroup;
			children = (
				DC9E54111BCE558C00434A46 /* Base */,
			);
			name = LaunchScreen.xib;
			sourceTree = "<group>";
		};
/* End PBXVariantGroup section */

/* Begin XCBuildConfiguration section */
		DC9E541F1BCE558C00434A46 /* Debug */ = {
			isa = XCBuildConfiguration;
			buildSettings = {
				ALWAYS_SEARCH_USER_PATHS = NO;
				CLANG_CXX_LANGUAGE_STANDARD = "gnu++0x";
				CLANG_CXX_LIBRARY = "libc++";
				CLANG_ENABLE_MODULES = YES;
				CLANG_ENABLE_OBJC_ARC = YES;
				CLANG_WARN_BOOL_CONVERSION = YES;
				CLANG_WARN_CONSTANT_CONVERSION = YES;
				CLANG_WARN_DIRECT_OBJC_ISA_USAGE = YES_ERROR;
				CLANG_WARN_EMPTY_BODY = YES;
				CLANG_WARN_ENUM_CONVERSION = YES;
				CLANG_WARN_INT_CONVERSION = YES;
				CLANG_WARN_OBJC_ROOT_CLASS = YES_ERROR;
				CLANG_WARN_UNREACHABLE_CODE = YES;
				CLANG_WARN__DUPLICATE_METHOD_MATCH = YES;
				"CODE_SIGN_IDENTITY[sdk=iphoneos*]" = "iPhone Developer";
				COPY_PHASE_STRIP = NO;
				DEBUG_INFORMATION_FORMAT = "dwarf-with-dsym";
				ENABLE_STRICT_OBJC_MSGSEND = YES;
				GCC_C_LANGUAGE_STANDARD = gnu99;
				GCC_DYNAMIC_NO_PIC = NO;
				GCC_NO_COMMON_BLOCKS = YES;
				GCC_OPTIMIZATION_LEVEL = 0;
				GCC_PREPROCESSOR_DEFINITIONS = (
					"DEBUG=1",
					"$(inherited)",
				);
				GCC_SYMBOLS_PRIVATE_EXTERN = NO;
				GCC_WARN_64_TO_32_BIT_CONVERSION = YES;
				GCC_WARN_ABOUT_RETURN_TYPE = YES_ERROR;
				GCC_WARN_UNDECLARED_SELECTOR = YES;
				GCC_WARN_UNINITIALIZED_AUTOS = YES_AGGRESSIVE;
				GCC_WARN_UNUSED_FUNCTION = YES;
				GCC_WARN_UNUSED_VARIABLE = YES;
				IPHONEOS_DEPLOYMENT_TARGET = 8.4;
				MTL_ENABLE_DEBUG_INFO = YES;
				ONLY_ACTIVE_ARCH = YES;
				SDKROOT = iphoneos;
				SWIFT_OPTIMIZATION_LEVEL = "-Onone";
			};
			name = Debug;
		};
		DC9E54201BCE558C00434A46 /* Release */ = {
			isa = XCBuildConfiguration;
			buildSettings = {
				ALWAYS_SEARCH_USER_PATHS = NO;
				CLANG_CXX_LANGUAGE_STANDARD = "gnu++0x";
				CLANG_CXX_LIBRARY = "libc++";
				CLANG_ENABLE_MODULES = YES;
				CLANG_ENABLE_OBJC_ARC = YES;
				CLANG_WARN_BOOL_CONVERSION = YES;
				CLANG_WARN_CONSTANT_CONVERSION = YES;
				CLANG_WARN_DIRECT_OBJC_ISA_USAGE = YES_ERROR;
				CLANG_WARN_EMPTY_BODY = YES;
				CLANG_WARN_ENUM_CONVERSION = YES;
				CLANG_WARN_INT_CONVERSION = YES;
				CLANG_WARN_OBJC_ROOT_CLASS = YES_ERROR;
				CLANG_WARN_UNREACHABLE_CODE = YES;
				CLANG_WARN__DUPLICATE_METHOD_MATCH = YES;
				"CODE_SIGN_IDENTITY[sdk=iphoneos*]" = "iPhone Developer";
				COPY_PHASE_STRIP = NO;
				DEBUG_INFORMATION_FORMAT = "dwarf-with-dsym";
				ENABLE_NS_ASSERTIONS = NO;
				ENABLE_STRICT_OBJC_MSGSEND = YES;
				GCC_C_LANGUAGE_STANDARD = gnu99;
				GCC_NO_COMMON_BLOCKS = YES;
				GCC_WARN_64_TO_32_BIT_CONVERSION = YES;
				GCC_WARN_ABOUT_RETURN_TYPE = YES_ERROR;
				GCC_WARN_UNDECLARED_SELECTOR = YES;
				GCC_WARN_UNINITIALIZED_AUTOS = YES_AGGRESSIVE;
				GCC_WARN_UNUSED_FUNCTION = YES;
				GCC_WARN_UNUSED_VARIABLE = YES;
				IPHONEOS_DEPLOYMENT_TARGET = 8.4;
				MTL_ENABLE_DEBUG_INFO = NO;
				SDKROOT = iphoneos;
				VALIDATE_PRODUCT = YES;
			};
			name = Release;
		};
		DC9E54221BCE558C00434A46 /* Debug */ = {
			isa = XCBuildConfiguration;
			buildSettings = {
				ASSETCATALOG_COMPILER_APPICON_NAME = AppIcon;
				INFOPLIST_FILE = memberListApp/Info.plist;
				LD_RUNPATH_SEARCH_PATHS = "$(inherited) @executable_path/Frameworks";
				PRODUCT_NAME = "$(TARGET_NAME)";
			};
			name = Debug;
		};
		DC9E54231BCE558C00434A46 /* Release */ = {
			isa = XCBuildConfiguration;
			buildSettings = {
				ASSETCATALOG_COMPILER_APPICON_NAME = AppIcon;
				INFOPLIST_FILE = memberListApp/Info.plist;
				LD_RUNPATH_SEARCH_PATHS = "$(inherited) @executable_path/Frameworks";
				PRODUCT_NAME = "$(TARGET_NAME)";
			};
			name = Release;
		};
		DC9E54251BCE558C00434A46 /* Debug */ = {
			isa = XCBuildConfiguration;
			buildSettings = {
				BUNDLE_LOADER = "$(TEST_HOST)";
				FRAMEWORK_SEARCH_PATHS = (
					"$(SDKROOT)/Developer/Library/Frameworks",
					"$(inherited)",
				);
				GCC_PREPROCESSOR_DEFINITIONS = (
					"DEBUG=1",
					"$(inherited)",
				);
				INFOPLIST_FILE = memberListAppTests/Info.plist;
				LD_RUNPATH_SEARCH_PATHS = "$(inherited) @executable_path/Frameworks @loader_path/Frameworks";
				PRODUCT_NAME = "$(TARGET_NAME)";
				TEST_HOST = "$(BUILT_PRODUCTS_DIR)/memberListApp.app/memberListApp";
			};
			name = Debug;
		};
		DC9E54261BCE558C00434A46 /* Release */ = {
			isa = XCBuildConfiguration;
			buildSettings = {
				BUNDLE_LOADER = "$(TEST_HOST)";
				FRAMEWORK_SEARCH_PATHS = (
					"$(SDKROOT)/Developer/Library/Frameworks",
					"$(inherited)",
				);
				INFOPLIST_FILE = memberListAppTests/Info.plist;
				LD_RUNPATH_SEARCH_PATHS = "$(inherited) @executable_path/Frameworks @loader_path/Frameworks";
				PRODUCT_NAME = "$(TARGET_NAME)";
				TEST_HOST = "$(BUILT_PRODUCTS_DIR)/memberListApp.app/memberListApp";
			};
			name = Release;
		};
/* End XCBuildConfiguration section */

/* Begin XCConfigurationList section */
		DC9E53FD1BCE558C00434A46 /* Build configuration list for PBXProject "memberListApp" */ = {
			isa = XCConfigurationList;
			buildConfigurations = (
				DC9E541F1BCE558C00434A46 /* Debug */,
				DC9E54201BCE558C00434A46 /* Release */,
			);
			defaultConfigurationIsVisible = 0;
			defaultConfigurationName = Release;
		};
		DC9E54211BCE558C00434A46 /* Build configuration list for PBXNativeTarget "memberListApp" */ = {
			isa = XCConfigurationList;
			buildConfigurations = (
				DC9E54221BCE558C00434A46 /* Debug */,
				DC9E54231BCE558C00434A46 /* Release */,
			);
			defaultConfigurationIsVisible = 0;
			defaultConfigurationName = Release;
		};
		DC9E54241BCE558C00434A46 /* Build configuration list for PBXNativeTarget "memberListAppTests" */ = {
			isa = XCConfigurationList;
			buildConfigurations = (
				DC9E54251BCE558C00434A46 /* Debug */,
				DC9E54261BCE558C00434A46 /* Release */,
			);
			defaultConfigurationIsVisible = 0;
			defaultConfigurationName = Release;
		};
/* End XCConfigurationList section */
	};
	rootObject = DC9E53FA1BCE558C00434A46 /* Project object */;
}
